
Microsoft Visual Studio Solution File, Format Version 12.00
# Visual Studio Version 16
VisualStudioVersion = 16.0.32126.315
MinimumVisualStudioVersion = 10.0.40219.1
Project("{FAE04EC0-301F-11D3-BF4B-00C04F79EFBC}") = "StudyLogMessenger", "StudyLogMessenger\StudyLogMessenger.csproj", "{21FDD4F0-DA96-45A7-A0B0-C198CF98425F}"
EndProject
Project("{FAE04EC0-301F-11D3-BF4B-00C04F79EFBC}") = "FreeNet", "FreeNet\FreeNet.csproj", "{34DE68B6-3192-4D1F-A90E-1690FA9D817F}"
EndProject
Global
	GlobalSection(SolutionConfigurationPlatforms) = preSolution
		Debug|Any CPU = Debug|Any CPU
		Release|Any CPU = Release|Any CPU
	EndGlobalSection
	GlobalSection(ProjectConfigurationPlatforms) = postSolution
		{21FDD4F0-DA96-45A7-A0B0-C198CF98425F}.Debug|Any CPU.ActiveCfg = Debug|Any CPU
		{21FDD4F0-DA96-45A7-A0B0-C198CF98425F}.Debug|Any CPU.Build.0 = Debug|Any CPU
		{21FDD4F0-DA96-45A7-A0B0-C198CF98425F}.Release|Any CPU.ActiveCfg = Release|Any CPU
		{21FDD4F0-DA96-45A7-A0B0-C198CF98425F}.Release|Any CPU.Build.0 = Release|Any CPU
		{34DE68B6-3192-4D1F-A90E-1690FA9D817F}.Debug|Any CPU.ActiveCfg = Debug|Any CPU
		{34DE68B6-3192-4D1F-A90E-1690FA9D817F}.Debug|Any CPU.Build.0 = Debug|Any CPU
		{34DE68B6-3192-4D1F-A90E-1690FA9D817F}.Release|Any CPU.ActiveCfg = Release|Any CPU
		{34DE68B6-3192-4D1F-A90E-1690FA9D817F}.Release|Any CPU.Build.0 = Release|Any CPU
	EndGlobalSection
	GlobalSection(SolutionProperties) = preSolution
		HideSolutionNode = FALSE
	EndGlobalSection
	GlobalSection(ExtensibilityGlobals) = postSolution
		SolutionGuid = {0B69FD27-8852-45F0-ADCD-E89E570AE625}
	EndGlobalSection
EndGlobal
